
Microsoft Visual Studio Solution File, Format Version 12.00
# Visual Studio Version 17
VisualStudioVersion = 17.8.34511.84
MinimumVisualStudioVersion = 10.0.40219.1
Project("{FAE04EC0-301F-11D3-BF4B-00C04F79EFBC}") = "backend-dotnet7", "backend-dotnet7\backend-dotnet7.csproj", "{E44B3CB9-B1AF-4ACE-9598-4535FFC5284E}"
EndProject
Global
	GlobalSection(SolutionConfigurationPlatforms) = preSolution
		Debug|Any CPU = Debug|Any CPU
		Release|Any CPU = Release|Any CPU
	EndGlobalSection
	GlobalSection(ProjectConfigurationPlatforms) = postSolution
		{E44B3CB9-B1AF-4ACE-9598-4535FFC5284E}.Debug|Any CPU.ActiveCfg = Debug|Any CPU
		{E44B3CB9-B1AF-4ACE-9598-4535FFC5284E}.Debug|Any CPU.Build.0 = Debug|Any CPU
		{E44B3CB9-B1AF-4ACE-9598-4535FFC5284E}.Release|Any CPU.ActiveCfg = Release|Any CPU
		{E44B3CB9-B1AF-4ACE-9598-4535FFC5284E}.Release|Any CPU.Build.0 = Release|Any CPU
	EndGlobalSection
	GlobalSection(SolutionProperties) = preSolution
		HideSolutionNode = FALSE
	EndGlobalSection
	GlobalSection(ExtensibilityGlobals) = postSolution
		SolutionGuid = {CDB9CE06-D6EB-4E2C-ADDF-33357C5774C5}
	EndGlobalSection
EndGlobal
